
Microsoft Visual Studio Solution File, Format Version 12.00
# Visual Studio Version 16
VisualStudioVersion = 16.0.31624.102
MinimumVisualStudioVersion = 10.0.40219.1
Project("{FAE04EC0-301F-11D3-BF4B-00C04F79EFBC}") = "ApiEFCore", "ApiEFCore\ApiEFCore.csproj", "{FC59C2B9-5ECB-4C77-AEB1-FD45C32D1BF1}"
EndProject
Global
	GlobalSection(SolutionConfigurationPlatforms) = preSolution
		Debug|Any CPU = Debug|Any CPU
		Release|Any CPU = Release|Any CPU
	EndGlobalSection
	GlobalSection(ProjectConfigurationPlatforms) = postSolution
		{FC59C2B9-5ECB-4C77-AEB1-FD45C32D1BF1}.Debug|Any CPU.ActiveCfg = Debug|Any CPU
		{FC59C2B9-5ECB-4C77-AEB1-FD45C32D1BF1}.Debug|Any CPU.Build.0 = Debug|Any CPU
		{FC59C2B9-5ECB-4C77-AEB1-FD45C32D1BF1}.Release|Any CPU.ActiveCfg = Release|Any CPU
		{FC59C2B9-5ECB-4C77-AEB1-FD45C32D1BF1}.Release|Any CPU.Build.0 = Release|Any CPU
	EndGlobalSection
	GlobalSection(SolutionProperties) = preSolution
		HideSolutionNode = FALSE
	EndGlobalSection
	GlobalSection(ExtensibilityGlobals) = postSolution
		SolutionGuid = {BB900C65-06FB-436E-9F72-E38BA15FA28F}
	EndGlobalSection
EndGlobal
